// !$*UTF8*$!
{
	archiveVersion = 1;
	classes = {
	};
	objectVersion = 56;
	objects = {

/* Begin PBXBuildFile section */
		4D096E462C207F57008C36BD /* RMCharacterStatus.swift in Sources */ = {isa = PBXBuildFile; fileRef = 4D096E452C207F57008C36BD /* RMCharacterStatus.swift */; };
		4D096E492C207FBB008C36BD /* RMCharacterGender.swift in Sources */ = {isa = PBXBuildFile; fileRef = 4D096E482C207FBB008C36BD /* RMCharacterGender.swift */; };
		4D096E4D2C209375008C36BD /* RMGetAllChatactersResponse.swift in Sources */ = {isa = PBXBuildFile; fileRef = 4D096E4C2C209375008C36BD /* RMGetAllChatactersResponse.swift */; };
		4D096E4F2C21BCF8008C36BD /* RMCharacterListViewViewModel.swift in Sources */ = {isa = PBXBuildFile; fileRef = 4D096E4E2C21BCF8008C36BD /* RMCharacterListViewViewModel.swift */; };
		4D096E512C21BD9C008C36BD /* RMCharacterListView.swift in Sources */ = {isa = PBXBuildFile; fileRef = 4D096E502C21BD9C008C36BD /* RMCharacterListView.swift */; };
		4D096E532C21C3F1008C36BD /* Extensions.swift in Sources */ = {isa = PBXBuildFile; fileRef = 4D096E522C21C3F1008C36BD /* Extensions.swift */; };
		4D096E552C21E5CD008C36BD /* RMCharacterCollectionViewCell.swift in Sources */ = {isa = PBXBuildFile; fileRef = 4D096E542C21E5CD008C36BD /* RMCharacterCollectionViewCell.swift */; };
		4D096E572C21E7F2008C36BD /* RMCharacterCollectionViewCellViewModel.swift in Sources */ = {isa = PBXBuildFile; fileRef = 4D096E562C21E7F2008C36BD /* RMCharacterCollectionViewCellViewModel.swift */; };
		4D9CFEE32C2051E300463355 /* AppDelegate.swift in Sources */ = {isa = PBXBuildFile; fileRef = 4D9CFEE22C2051E300463355 /* AppDelegate.swift */; };
		4D9CFEE52C2051E300463355 /* SceneDelegate.swift in Sources */ = {isa = PBXBuildFile; fileRef = 4D9CFEE42C2051E300463355 /* SceneDelegate.swift */; };
		4D9CFEEF2C2051EB00463355 /* Assets.xcassets in Resources */ = {isa = PBXBuildFile; fileRef = 4D9CFEEE2C2051EB00463355 /* Assets.xcassets */; };
		4D9CFEF22C2051EB00463355 /* Base in Resources */ = {isa = PBXBuildFile; fileRef = 4D9CFEF12C2051EB00463355 /* Base */; };
		4D9CFF012C20568500463355 /* RMLocation.swift in Sources */ = {isa = PBXBuildFile; fileRef = 4D9CFF002C20568500463355 /* RMLocation.swift */; };
		4D9CFF032C20569300463355 /* RMCharacter.swift in Sources */ = {isa = PBXBuildFile; fileRef = 4D9CFF022C20569300463355 /* RMCharacter.swift */; };
		4D9CFF052C2056B700463355 /* RMEpisode.swift in Sources */ = {isa = PBXBuildFile; fileRef = 4D9CFF042C2056B700463355 /* RMEpisode.swift */; };
		4D9CFF082C20574200463355 /* RMCharactersViewController.swift in Sources */ = {isa = PBXBuildFile; fileRef = 4D9CFF072C20574200463355 /* RMCharactersViewController.swift */; };
		4D9CFF0A2C20575600463355 /* RMLocationsViewController.swift in Sources */ = {isa = PBXBuildFile; fileRef = 4D9CFF092C20575600463355 /* RMLocationsViewController.swift */; };
		4D9CFF0C2C20576400463355 /* RMEpisodesViewController.swift in Sources */ = {isa = PBXBuildFile; fileRef = 4D9CFF0B2C20576400463355 /* RMEpisodesViewController.swift */; };
		4D9CFF0E2C20578100463355 /* RMSettingsViewController.swift in Sources */ = {isa = PBXBuildFile; fileRef = 4D9CFF0D2C20578100463355 /* RMSettingsViewController.swift */; };
		4D9CFF102C205A2500463355 /* RMMainTabBarController.swift in Sources */ = {isa = PBXBuildFile; fileRef = 4D9CFF0F2C205A2500463355 /* RMMainTabBarController.swift */; };
		4DBA7ABE2C2074F20079A98D /* RMService.swift in Sources */ = {isa = PBXBuildFile; fileRef = 4DBA7ABD2C2074F20079A98D /* RMService.swift */; };
		4DBA7AC02C2075050079A98D /* RMRequest.swift in Sources */ = {isa = PBXBuildFile; fileRef = 4DBA7ABF2C2075050079A98D /* RMRequest.swift */; };
		4DBA7AC22C2075B20079A98D /* RMEndpoint.swift in Sources */ = {isa = PBXBuildFile; fileRef = 4DBA7AC12C2075B20079A98D /* RMEndpoint.swift */; };
		4DBA7AC42C207B3E0079A98D /* RMOrigin.swift in Sources */ = {isa = PBXBuildFile; fileRef = 4DBA7AC32C207B3E0079A98D /* RMOrigin.swift */; };
		4DBA7AC62C207BAA0079A98D /* RMSingleLocation.swift in Sources */ = {isa = PBXBuildFile; fileRef = 4DBA7AC52C207BAA0079A98D /* RMSingleLocation.swift */; };
/* End PBXBuildFile section */

/* Begin PBXFileReference section */
		4D096E452C207F57008C36BD /* RMCharacterStatus.swift */ = {isa = PBXFileReference; lastKnownFileType = sourcecode.swift; path = RMCharacterStatus.swift; sourceTree = "<group>"; };
		4D096E482C207FBB008C36BD /* RMCharacterGender.swift */ = {isa = PBXFileReference; lastKnownFileType = sourcecode.swift; path = RMCharacterGender.swift; sourceTree = "<group>"; };
		4D096E4C2C209375008C36BD /* RMGetAllChatactersResponse.swift */ = {isa = PBXFileReference; lastKnownFileType = sourcecode.swift; path = RMGetAllChatactersResponse.swift; sourceTree = "<group>"; };
		4D096E4E2C21BCF8008C36BD /* RMCharacterListViewViewModel.swift */ = {isa = PBXFileReference; lastKnownFileType = sourcecode.swift; path = RMCharacterListViewViewModel.swift; sourceTree = "<group>"; };
		4D096E502C21BD9C008C36BD /* RMCharacterListView.swift */ = {isa = PBXFileReference; lastKnownFileType = sourcecode.swift; path = RMCharacterListView.swift; sourceTree = "<group>"; };
		4D096E522C21C3F1008C36BD /* Extensions.swift */ = {isa = PBXFileReference; lastKnownFileType = sourcecode.swift; path = Extensions.swift; sourceTree = "<group>"; };
		4D096E542C21E5CD008C36BD /* RMCharacterCollectionViewCell.swift */ = {isa = PBXFileReference; lastKnownFileType = sourcecode.swift; path = RMCharacterCollectionViewCell.swift; sourceTree = "<group>"; };
		4D096E562C21E7F2008C36BD /* RMCharacterCollectionViewCellViewModel.swift */ = {isa = PBXFileReference; lastKnownFileType = sourcecode.swift; path = RMCharacterCollectionViewCellViewModel.swift; sourceTree = "<group>"; };
		4D9CFEDF2C2051E300463355 /* RickAndMorty.app */ = {isa = PBXFileReference; explicitFileType = wrapper.application; includeInIndex = 0; path = RickAndMorty.app; sourceTree = BUILT_PRODUCTS_DIR; };
		4D9CFEE22C2051E300463355 /* AppDelegate.swift */ = {isa = PBXFileReference; lastKnownFileType = sourcecode.swift; path = AppDelegate.swift; sourceTree = "<group>"; };
		4D9CFEE42C2051E300463355 /* SceneDelegate.swift */ = {isa = PBXFileReference; lastKnownFileType = sourcecode.swift; path = SceneDelegate.swift; sourceTree = "<group>"; };
		4D9CFEEE2C2051EB00463355 /* Assets.xcassets */ = {isa = PBXFileReference; lastKnownFileType = folder.assetcatalog; path = Assets.xcassets; sourceTree = "<group>"; };
		4D9CFEF12C2051EB00463355 /* Base */ = {isa = PBXFileReference; lastKnownFileType = file.storyboard; name = Base; path = Base.lproj/LaunchScreen.storyboard; sourceTree = "<group>"; };
		4D9CFEF32C2051EB00463355 /* Info.plist */ = {isa = PBXFileReference; lastKnownFileType = text.plist.xml; path = Info.plist; sourceTree = "<group>"; };
		4D9CFF002C20568500463355 /* RMLocation.swift */ = {isa = PBXFileReference; lastKnownFileType = sourcecode.swift; path = RMLocation.swift; sourceTree = "<group>"; };
		4D9CFF022C20569300463355 /* RMCharacter.swift */ = {isa = PBXFileReference; lastKnownFileType = sourcecode.swift; path = RMCharacter.swift; sourceTree = "<group>"; };
		4D9CFF042C2056B700463355 /* RMEpisode.swift */ = {isa = PBXFileReference; lastKnownFileType = sourcecode.swift; path = RMEpisode.swift; sourceTree = "<group>"; };
		4D9CFF072C20574200463355 /* RMCharactersViewController.swift */ = {isa = PBXFileReference; lastKnownFileType = sourcecode.swift; path = RMCharactersViewController.swift; sourceTree = "<group>"; };
		4D9CFF092C20575600463355 /* RMLocationsViewController.swift */ = {isa = PBXFileReference; lastKnownFileType = sourcecode.swift; path = RMLocationsViewController.swift; sourceTree = "<group>"; };
		4D9CFF0B2C20576400463355 /* RMEpisodesViewController.swift */ = {isa = PBXFileReference; lastKnownFileType = sourcecode.swift; path = RMEpisodesViewController.swift; sourceTree = "<group>"; };
		4D9CFF0D2C20578100463355 /* RMSettingsViewController.swift */ = {isa = PBXFileReference; lastKnownFileType = sourcecode.swift; path = RMSettingsViewController.swift; sourceTree = "<group>"; };
		4D9CFF0F2C205A2500463355 /* RMMainTabBarController.swift */ = {isa = PBXFileReference; lastKnownFileType = sourcecode.swift; path = RMMainTabBarController.swift; sourceTree = "<group>"; };
		4DBA7ABD2C2074F20079A98D /* RMService.swift */ = {isa = PBXFileReference; lastKnownFileType = sourcecode.swift; path = RMService.swift; sourceTree = "<group>"; };
		4DBA7ABF2C2075050079A98D /* RMRequest.swift */ = {isa = PBXFileReference; lastKnownFileType = sourcecode.swift; path = RMRequest.swift; sourceTree = "<group>"; };
		4DBA7AC12C2075B20079A98D /* RMEndpoint.swift */ = {isa = PBXFileReference; lastKnownFileType = sourcecode.swift; path = RMEndpoint.swift; sourceTree = "<group>"; };
		4DBA7AC32C207B3E0079A98D /* RMOrigin.swift */ = {isa = PBXFileReference; lastKnownFileType = sourcecode.swift; path = RMOrigin.swift; sourceTree = "<group>"; };
		4DBA7AC52C207BAA0079A98D /* RMSingleLocation.swift */ = {isa = PBXFileReference; lastKnownFileType = sourcecode.swift; path = RMSingleLocation.swift; sourceTree = "<group>"; };
/* End PBXFileReference section */

/* Begin PBXFrameworksBuildPhase section */
		4D9CFEDC2C2051E300463355 /* Frameworks */ = {
			isa = PBXFrameworksBuildPhase;
			buildActionMask = 2147483647;
			files = (
			);
			runOnlyForDeploymentPostprocessing = 0;
		};
/* End PBXFrameworksBuildPhase section */

/* Begin PBXGroup section */
		4D096E4A2C209319008C36BD /* DataTypes */ = {
			isa = PBXGroup;
			children = (
				4D9CFF002C20568500463355 /* RMLocation.swift */,
				4D9CFF022C20569300463355 /* RMCharacter.swift */,
				4D9CFF042C2056B700463355 /* RMEpisode.swift */,
				4DBA7AC32C207B3E0079A98D /* RMOrigin.swift */,
				4DBA7AC52C207BAA0079A98D /* RMSingleLocation.swift */,
				4D096E452C207F57008C36BD /* RMCharacterStatus.swift */,
				4D096E482C207FBB008C36BD /* RMCharacterGender.swift */,
			);
			path = DataTypes;
			sourceTree = "<group>";
		};
		4D096E4B2C20933F008C36BD /* APIResonseTypes */ = {
			isa = PBXGroup;
			children = (
				4D096E4C2C209375008C36BD /* RMGetAllChatactersResponse.swift */,
			);
			path = APIResonseTypes;
			sourceTree = "<group>";
		};
		4D9CFED62C2051E300463355 = {
			isa = PBXGroup;
			children = (
				4D9CFEE12C2051E300463355 /* RickAndMorty */,
				4D9CFEE02C2051E300463355 /* Products */,
			);
			sourceTree = "<group>";
		};
		4D9CFEE02C2051E300463355 /* Products */ = {
			isa = PBXGroup;
			children = (
				4D9CFEDF2C2051E300463355 /* RickAndMorty.app */,
			);
			name = Products;
			sourceTree = "<group>";
		};
		4D9CFEE12C2051E300463355 /* RickAndMorty */ = {
			isa = PBXGroup;
			children = (
				4D9CFEFF2C2055B200463355 /* Resource */,
				4D9CFEFE2C2055A800463355 /* Managers */,
				4D9CFEFD2C20557900463355 /* APIClient */,
				4D9CFEFC2C20556C00463355 /* ViewModels */,
				4D9CFEFB2C20555E00463355 /* Views */,
				4D9CFEFA2C20555600463355 /* Models */,
				4D9CFEF92C20554900463355 /* Controllers */,
				4D9CFEF32C2051EB00463355 /* Info.plist */,
			);
			path = RickAndMorty;
			sourceTree = "<group>";
		};
		4D9CFEF92C20554900463355 /* Controllers */ = {
			isa = PBXGroup;
			children = (
				4D9CFF062C20571800463355 /* Core */,
			);
			path = Controllers;
			sourceTree = "<group>";
		};
		4D9CFEFA2C20555600463355 /* Models */ = {
			isa = PBXGroup;
			children = (
				4D096E4B2C20933F008C36BD /* APIResonseTypes */,
				4D096E4A2C209319008C36BD /* DataTypes */,
			);
			path = Models;
			sourceTree = "<group>";
		};
		4D9CFEFB2C20555E00463355 /* Views */ = {
			isa = PBXGroup;
			children = (
				4D096E502C21BD9C008C36BD /* RMCharacterListView.swift */,
				4D096E542C21E5CD008C36BD /* RMCharacterCollectionViewCell.swift */,
			);
			path = Views;
			sourceTree = "<group>";
		};
		4D9CFEFC2C20556C00463355 /* ViewModels */ = {
			isa = PBXGroup;
			children = (
				4D096E4E2C21BCF8008C36BD /* RMCharacterListViewViewModel.swift */,
				4D096E562C21E7F2008C36BD /* RMCharacterCollectionViewCellViewModel.swift */,
			);
			path = ViewModels;
			sourceTree = "<group>";
		};
		4D9CFEFD2C20557900463355 /* APIClient */ = {
			isa = PBXGroup;
			children = (
				4DBA7ABD2C2074F20079A98D /* RMService.swift */,
				4DBA7ABF2C2075050079A98D /* RMRequest.swift */,
				4DBA7AC12C2075B20079A98D /* RMEndpoint.swift */,
			);
			path = APIClient;
			sourceTree = "<group>";
		};
		4D9CFEFE2C2055A800463355 /* Managers */ = {
			isa = PBXGroup;
			children = (
			);
			path = Managers;
			sourceTree = "<group>";
		};
		4D9CFEFF2C2055B200463355 /* Resource */ = {
			isa = PBXGroup;
			children = (
				4D9CFEEE2C2051EB00463355 /* Assets.xcassets */,
				4D9CFEF02C2051EB00463355 /* LaunchScreen.storyboard */,
				4D9CFEE22C2051E300463355 /* AppDelegate.swift */,
				4D9CFEE42C2051E300463355 /* SceneDelegate.swift */,
				4D096E522C21C3F1008C36BD /* Extensions.swift */,
			);
			path = Resource;
			sourceTree = "<group>";
		};
		4D9CFF062C20571800463355 /* Core */ = {
			isa = PBXGroup;
			children = (
				4D9CFF0F2C205A2500463355 /* RMMainTabBarController.swift */,
				4D9CFF072C20574200463355 /* RMCharactersViewController.swift */,
				4D9CFF092C20575600463355 /* RMLocationsViewController.swift */,
				4D9CFF0B2C20576400463355 /* RMEpisodesViewController.swift */,
				4D9CFF0D2C20578100463355 /* RMSettingsViewController.swift */,
			);
			path = Core;
			sourceTree = "<group>";
		};
/* End PBXGroup section */

/* Begin PBXNativeTarget section */
		4D9CFEDE2C2051E300463355 /* RickAndMorty */ = {
			isa = PBXNativeTarget;
			buildConfigurationList = 4D9CFEF62C2051EB00463355 /* Build configuration list for PBXNativeTarget "RickAndMorty" */;
			buildPhases = (
				4D9CFEDB2C2051E300463355 /* Sources */,
				4D9CFEDC2C2051E300463355 /* Frameworks */,
				4D9CFEDD2C2051E300463355 /* Resources */,
			);
			buildRules = (
			);
			dependencies = (
			);
			name = RickAndMorty;
			productName = RickAndMorty;
			productReference = 4D9CFEDF2C2051E300463355 /* RickAndMorty.app */;
			productType = "com.apple.product-type.application";
		};
/* End PBXNativeTarget section */

/* Begin PBXProject section */
		4D9CFED72C2051E300463355 /* Project object */ = {
			isa = PBXProject;
			attributes = {
				BuildIndependentTargetsInParallel = 1;
				LastSwiftUpdateCheck = 1530;
				LastUpgradeCheck = 1530;
				TargetAttributes = {
					4D9CFEDE2C2051E300463355 = {
						CreatedOnToolsVersion = 15.3;
					};
				};
			};
			buildConfigurationList = 4D9CFEDA2C2051E300463355 /* Build configuration list for PBXProject "RickAndMorty" */;
			compatibilityVersion = "Xcode 14.0";
			developmentRegion = en;
			hasScannedForEncodings = 0;
			knownRegions = (
				en,
				Base,
			);
			mainGroup = 4D9CFED62C2051E300463355;
			productRefGroup = 4D9CFEE02C2051E300463355 /* Products */;
			projectDirPath = "";
			projectRoot = "";
			targets = (
				4D9CFEDE2C2051E300463355 /* RickAndMorty */,
			);
		};
/* End PBXProject section */

/* Begin PBXResourcesBuildPhase section */
		4D9CFEDD2C2051E300463355 /* Resources */ = {
			isa = PBXResourcesBuildPhase;
			buildActionMask = 2147483647;
			files = (
				4D9CFEEF2C2051EB00463355 /* Assets.xcassets in Resources */,
				4D9CFEF22C2051EB00463355 /* Base in Resources */,
			);
			runOnlyForDeploymentPostprocessing = 0;
		};
/* End PBXResourcesBuildPhase section */

/* Begin PBXSourcesBuildPhase section */
		4D9CFEDB2C2051E300463355 /* Sources */ = {
			isa = PBXSourcesBuildPhase;
			buildActionMask = 2147483647;
			files = (
				4DBA7AC42C207B3E0079A98D /* RMOrigin.swift in Sources */,
				4DBA7AC62C207BAA0079A98D /* RMSingleLocation.swift in Sources */,
				4D096E512C21BD9C008C36BD /* RMCharacterListView.swift in Sources */,
				4D096E462C207F57008C36BD /* RMCharacterStatus.swift in Sources */,
				4D096E492C207FBB008C36BD /* RMCharacterGender.swift in Sources */,
				4D9CFF0A2C20575600463355 /* RMLocationsViewController.swift in Sources */,
				4D9CFF052C2056B700463355 /* RMEpisode.swift in Sources */,
				4D9CFF0C2C20576400463355 /* RMEpisodesViewController.swift in Sources */,
				4D9CFEE32C2051E300463355 /* AppDelegate.swift in Sources */,
				4D096E552C21E5CD008C36BD /* RMCharacterCollectionViewCell.swift in Sources */,
				4D9CFEE52C2051E300463355 /* SceneDelegate.swift in Sources */,
				4D9CFF102C205A2500463355 /* RMMainTabBarController.swift in Sources */,
				4D9CFF0E2C20578100463355 /* RMSettingsViewController.swift in Sources */,
				4DBA7ABE2C2074F20079A98D /* RMService.swift in Sources */,
				4D096E532C21C3F1008C36BD /* Extensions.swift in Sources */,
				4D9CFF012C20568500463355 /* RMLocation.swift in Sources */,
				4DBA7AC22C2075B20079A98D /* RMEndpoint.swift in Sources */,
				4D9CFF032C20569300463355 /* RMCharacter.swift in Sources */,
				4DBA7AC02C2075050079A98D /* RMRequest.swift in Sources */,
				4D096E572C21E7F2008C36BD /* RMCharacterCollectionViewCellViewModel.swift in Sources */,
				4D9CFF082C20574200463355 /* RMCharactersViewController.swift in Sources */,
				4D096E4F2C21BCF8008C36BD /* RMCharacterListViewViewModel.swift in Sources */,
				4D096E4D2C209375008C36BD /* RMGetAllChatactersResponse.swift in Sources */,
			);
			runOnlyForDeploymentPostprocessing = 0;
		};
/* End PBXSourcesBuildPhase section */

/* Begin PBXVariantGroup section */
		4D9CFEF02C2051EB00463355 /* LaunchScreen.storyboard */ = {
			isa = PBXVariantGroup;
			children = (
				4D9CFEF12C2051EB00463355 /* Base */,
			);
			name = LaunchScreen.storyboard;
			sourceTree = "<group>";
		};
/* End PBXVariantGroup section */

/* Begin XCBuildConfiguration section */
		4D9CFEF42C2051EB00463355 /* Debug */ = {
			isa = XCBuildConfiguration;
			buildSettings = {
				ALWAYS_SEARCH_USER_PATHS = NO;
				ASSETCATALOG_COMPILER_GENERATE_SWIFT_ASSET_SYMBOL_EXTENSIONS = YES;
				CLANG_ANALYZER_NONNULL = YES;
				CLANG_ANALYZER_NUMBER_OBJECT_CONVERSION = YES_AGGRESSIVE;
				CLANG_CXX_LANGUAGE_STANDARD = "gnu++20";
				CLANG_ENABLE_MODULES = YES;
				CLANG_ENABLE_OBJC_ARC = YES;
				CLANG_ENABLE_OBJC_WEAK = YES;
				CLANG_WARN_BLOCK_CAPTURE_AUTORELEASING = YES;
				CLANG_WARN_BOOL_CONVERSION = YES;
				CLANG_WARN_COMMA = YES;
				CLANG_WARN_CONSTANT_CONVERSION = YES;
				CLANG_WARN_DEPRECATED_OBJC_IMPLEMENTATIONS = YES;
				CLANG_WARN_DIRECT_OBJC_ISA_USAGE = YES_ERROR;
				CLANG_WARN_DOCUMENTATION_COMMENTS = YES;
				CLANG_WARN_EMPTY_BODY = YES;
				CLANG_WARN_ENUM_CONVERSION = YES;
				CLANG_WARN_INFINITE_RECURSION = YES;
				CLANG_WARN_INT_CONVERSION = YES;
				CLANG_WARN_NON_LITERAL_NULL_CONVERSION = YES;
				CLANG_WARN_OBJC_IMPLICIT_RETAIN_SELF = YES;
				CLANG_WARN_OBJC_LITERAL_CONVERSION = YES;
				CLANG_WARN_OBJC_ROOT_CLASS = YES_ERROR;
				CLANG_WARN_QUOTED_INCLUDE_IN_FRAMEWORK_HEADER = YES;
				CLANG_WARN_RANGE_LOOP_ANALYSIS = YES;
				CLANG_WARN_STRICT_PROTOTYPES = YES;
				CLANG_WARN_SUSPICIOUS_MOVE = YES;
				CLANG_WARN_UNGUARDED_AVAILABILITY = YES_AGGRESSIVE;
				CLANG_WARN_UNREACHABLE_CODE = YES;
				CLANG_WARN__DUPLICATE_METHOD_MATCH = YES;
				COPY_PHASE_STRIP = NO;
				DEBUG_INFORMATION_FORMAT = dwarf;
				ENABLE_STRICT_OBJC_MSGSEND = YES;
				ENABLE_TESTABILITY = YES;
				ENABLE_USER_SCRIPT_SANDBOXING = YES;
				GCC_C_LANGUAGE_STANDARD = gnu17;
				GCC_DYNAMIC_NO_PIC = NO;
				GCC_NO_COMMON_BLOCKS = YES;
				GCC_OPTIMIZATION_LEVEL = 0;
				GCC_PREPROCESSOR_DEFINITIONS = (
					"DEBUG=1",
					"$(inherited)",
				);
				GCC_WARN_64_TO_32_BIT_CONVERSION = YES;
				GCC_WARN_ABOUT_RETURN_TYPE = YES_ERROR;
				GCC_WARN_UNDECLARED_SELECTOR = YES;
				GCC_WARN_UNINITIALIZED_AUTOS = YES_AGGRESSIVE;
				GCC_WARN_UNUSED_FUNCTION = YES;
				GCC_WARN_UNUSED_VARIABLE = YES;
				IPHONEOS_DEPLOYMENT_TARGET = 17.4;
				LOCALIZATION_PREFERS_STRING_CATALOGS = YES;
				MTL_ENABLE_DEBUG_INFO = INCLUDE_SOURCE;
				MTL_FAST_MATH = YES;
				ONLY_ACTIVE_ARCH = YES;
				SDKROOT = iphoneos;
				SWIFT_ACTIVE_COMPILATION_CONDITIONS = "DEBUG $(inherited)";
				SWIFT_OPTIMIZATION_LEVEL = "-Onone";
			};
			name = Debug;
		};
		4D9CFEF52C2051EB00463355 /* Release */ = {
			isa = XCBuildConfiguration;
			buildSettings = {
				ALWAYS_SEARCH_USER_PATHS = NO;
				ASSETCATALOG_COMPILER_GENERATE_SWIFT_ASSET_SYMBOL_EXTENSIONS = YES;
				CLANG_ANALYZER_NONNULL = YES;
				CLANG_ANALYZER_NUMBER_OBJECT_CONVERSION = YES_AGGRESSIVE;
				CLANG_CXX_LANGUAGE_STANDARD = "gnu++20";
				CLANG_ENABLE_MODULES = YES;
				CLANG_ENABLE_OBJC_ARC = YES;
				CLANG_ENABLE_OBJC_WEAK = YES;
				CLANG_WARN_BLOCK_CAPTURE_AUTORELEASING = YES;
				CLANG_WARN_BOOL_CONVERSION = YES;
				CLANG_WARN_COMMA = YES;
				CLANG_WARN_CONSTANT_CONVERSION = YES;
				CLANG_WARN_DEPRECATED_OBJC_IMPLEMENTATIONS = YES;
				CLANG_WARN_DIRECT_OBJC_ISA_USAGE = YES_ERROR;
				CLANG_WARN_DOCUMENTATION_COMMENTS = YES;
				CLANG_WARN_EMPTY_BODY = YES;
				CLANG_WARN_ENUM_CONVERSION = YES;
				CLANG_WARN_INFINITE_RECURSION = YES;
				CLANG_WARN_INT_CONVERSION = YES;
				CLANG_WARN_NON_LITERAL_NULL_CONVERSION = YES;
				CLANG_WARN_OBJC_IMPLICIT_RETAIN_SELF = YES;
				CLANG_WARN_OBJC_LITERAL_CONVERSION = YES;
				CLANG_WARN_OBJC_ROOT_CLASS = YES_ERROR;
				CLANG_WARN_QUOTED_INCLUDE_IN_FRAMEWORK_HEADER = YES;
				CLANG_WARN_RANGE_LOOP_ANALYSIS = YES;
				CLANG_WARN_STRICT_PROTOTYPES = YES;
				CLANG_WARN_SUSPICIOUS_MOVE = YES;
				CLANG_WARN_UNGUARDED_AVAILABILITY = YES_AGGRESSIVE;
				CLANG_WARN_UNREACHABLE_CODE = YES;
				CLANG_WARN__DUPLICATE_METHOD_MATCH = YES;
				COPY_PHASE_STRIP = NO;
				DEBUG_INFORMATION_FORMAT = "dwarf-with-dsym";
				ENABLE_NS_ASSERTIONS = NO;
				ENABLE_STRICT_OBJC_MSGSEND = YES;
				ENABLE_USER_SCRIPT_SANDBOXING = YES;
				GCC_C_LANGUAGE_STANDARD = gnu17;
				GCC_NO_COMMON_BLOCKS = YES;
				GCC_WARN_64_TO_32_BIT_CONVERSION = YES;
				GCC_WARN_ABOUT_RETURN_TYPE = YES_ERROR;
				GCC_WARN_UNDECLARED_SELECTOR = YES;
				GCC_WARN_UNINITIALIZED_AUTOS = YES_AGGRESSIVE;
				GCC_WARN_UNUSED_FUNCTION = YES;
				GCC_WARN_UNUSED_VARIABLE = YES;
				IPHONEOS_DEPLOYMENT_TARGET = 17.4;
				LOCALIZATION_PREFERS_STRING_CATALOGS = YES;
				MTL_ENABLE_DEBUG_INFO = NO;
				MTL_FAST_MATH = YES;
				SDKROOT = iphoneos;
				SWIFT_COMPILATION_MODE = wholemodule;
				VALIDATE_PRODUCT = YES;
			};
			name = Release;
		};
		4D9CFEF72C2051EB00463355 /* Debug */ = {
			isa = XCBuildConfiguration;
			buildSettings = {
				ASSETCATALOG_COMPILER_APPICON_NAME = AppIcon;
				ASSETCATALOG_COMPILER_GLOBAL_ACCENT_COLOR_NAME = AccentColor;
				CODE_SIGN_STYLE = Automatic;
				CURRENT_PROJECT_VERSION = 1;
				DEVELOPMENT_TEAM = 8HPGH7P7QZ;
				GENERATE_INFOPLIST_FILE = YES;
				INFOPLIST_FILE = RickAndMorty/Info.plist;
				INFOPLIST_KEY_UIApplicationSupportsIndirectInputEvents = YES;
				INFOPLIST_KEY_UILaunchStoryboardName = LaunchScreen;
				INFOPLIST_KEY_UISupportedInterfaceOrientations_iPad = "UIInterfaceOrientationPortrait UIInterfaceOrientationPortraitUpsideDown UIInterfaceOrientationLandscapeLeft UIInterfaceOrientationLandscapeRight";
				INFOPLIST_KEY_UISupportedInterfaceOrientations_iPhone = "UIInterfaceOrientationPortrait UIInterfaceOrientationLandscapeLeft UIInterfaceOrientationLandscapeRight";
				LD_RUNPATH_SEARCH_PATHS = (
					"$(inherited)",
					"@executable_path/Frameworks",
				);
				MARKETING_VERSION = 1.0;
				PRODUCT_BUNDLE_IDENTIFIER = Course.RickAndMorty;
				PRODUCT_NAME = "$(TARGET_NAME)";
				SWIFT_EMIT_LOC_STRINGS = YES;
				SWIFT_VERSION = 5.0;
				TARGETED_DEVICE_FAMILY = "1,2";
			};
			name = Debug;
		};
		4D9CFEF82C2051EB00463355 /* Release */ = {
			isa = XCBuildConfiguration;
			buildSettings = {
				ASSETCATALOG_COMPILER_APPICON_NAME = AppIcon;
				ASSETCATALOG_COMPILER_GLOBAL_ACCENT_COLOR_NAME = AccentColor;
				CODE_SIGN_STYLE = Automatic;
				CURRENT_PROJECT_VERSION = 1;
				DEVELOPMENT_TEAM = 8HPGH7P7QZ;
				GENERATE_INFOPLIST_FILE = YES;
				INFOPLIST_FILE = RickAndMorty/Info.plist;
				INFOPLIST_KEY_UIApplicationSupportsIndirectInputEvents = YES;
				INFOPLIST_KEY_UILaunchStoryboardName = LaunchScreen;
				INFOPLIST_KEY_UISupportedInterfaceOrientations_iPad = "UIInterfaceOrientationPortrait UIInterfaceOrientationPortraitUpsideDown UIInterfaceOrientationLandscapeLeft UIInterfaceOrientationLandscapeRight";
				INFOPLIST_KEY_UISupportedInterfaceOrientations_iPhone = "UIInterfaceOrientationPortrait UIInterfaceOrientationLandscapeLeft UIInterfaceOrientationLandscapeRight";
				LD_RUNPATH_SEARCH_PATHS = (
					"$(inherited)",
					"@executable_path/Frameworks",
				);
				MARKETING_VERSION = 1.0;
				PRODUCT_BUNDLE_IDENTIFIER = Course.RickAndMorty;
				PRODUCT_NAME = "$(TARGET_NAME)";
				SWIFT_EMIT_LOC_STRINGS = YES;
				SWIFT_VERSION = 5.0;
				TARGETED_DEVICE_FAMILY = "1,2";
			};
			name = Release;
		};
/* End XCBuildConfiguration section */

/* Begin XCConfigurationList section */
		4D9CFEDA2C2051E300463355 /* Build configuration list for PBXProject "RickAndMorty" */ = {
			isa = XCConfigurationList;
			buildConfigurations = (
				4D9CFEF42C2051EB00463355 /* Debug */,
				4D9CFEF52C2051EB00463355 /* Release */,
			);
			defaultConfigurationIsVisible = 0;
			defaultConfigurationName = Release;
		};
		4D9CFEF62C2051EB00463355 /* Build configuration list for PBXNativeTarget "RickAndMorty" */ = {
			isa = XCConfigurationList;
			buildConfigurations = (
				4D9CFEF72C2051EB00463355 /* Debug */,
				4D9CFEF82C2051EB00463355 /* Release */,
			);
			defaultConfigurationIsVisible = 0;
			defaultConfigurationName = Release;
		};
/* End XCConfigurationList section */
	};
	rootObject = 4D9CFED72C2051E300463355 /* Project object */;
}
